{
    "_meta": {
        "hash": {
            "sha256": "cd5736410a256d656d090c5f503d7d62d5646c080f0c0cd42dc244d696ee4e15"
        },
        "pipfile-spec": 6,
        "requires": {
            "python_version": "3.10"
        },
        "sources": [
            {
                "name": "pypi",
                "url": "https://pypi.org/simple",
                "verify_ssl": true
            }
        ]
    },
    "default": {
        "beautifulsoup4": {
            "hashes": [
                "sha256:58d5c3d29f5a36ffeb94f02f0d786cd53014cf9b3b3951d42e0080d8a9498d30",
                "sha256:ad9aa55b65ef2808eb405f46cf74df7fcb7044d5cbc26487f96eb2ef2e436693"
            ],
            "index": "pypi",
            "version": "==4.11.1"
        },
        "certifi": {
            "hashes": [
                "sha256:84c85a9078b11105f04f3036a9482ae10e4621616db313fe045dd24743a0820d",
                "sha256:fe86415d55e84719d75f8b69414f6438ac3547d2078ab91b67e779ef69378412"
            ],
            "markers": "python_full_version >= '3.6.0'",
            "version": "==2022.6.15"
        },
        "charset-normalizer": {
            "hashes": [
                "sha256:5189b6f22b01957427f35b6a08d9a0bc45b46d3788ef5a92e978433c7a35f8a5",
                "sha256:575e708016ff3a5e3681541cb9d79312c416835686d054a23accb873b254f413"
            ],
            "markers": "python_full_version >= '3.6.0'",
            "version": "==2.1.0"
        },
        "idna": {
            "hashes": [
                "sha256:84d9dd047ffa80596e0f246e2eab0b391788b0503584e8945f2368256d2735ff",
                "sha256:9d643ff0a55b762d5cdb124b8eaa99c66322e2157b69160bc32796e824360e6d"
            ],
            "markers": "python_version >= '3.5'",
            "version": "==3.3"
        },
        "requests": {
            "hashes": [
                "sha256:7c5599b102feddaa661c826c56ab4fee28bfd17f5abca1ebbe3e7f19d7c97983",
                "sha256:8fefa2a1a1365bf5520aac41836fbee479da67864514bdb821f31ce07ce65349"
            ],
            "index": "pypi",
            "version": "==2.28.1"
        },
        "soupsieve": {
            "hashes": [
                "sha256:3b2503d3c7084a42b1ebd08116e5f81aadfaea95863628c80a3b774a11b7c759",
                "sha256:fc53893b3da2c33de295667a0e19f078c14bf86544af307354de5fcf12a3f30d"
            ],
            "markers": "python_full_version >= '3.6.0'",
            "version": "==2.3.2.post1"
        },
        "urllib3": {
            "hashes": [
                "sha256:8298d6d56d39be0e3bc13c1c97d133f9b45d797169a0e11cdd0e0489d786f7ec",
                "sha256:879ba4d1e89654d9769ce13121e0f94310ea32e8d2f8cf587b77c08bbcdb30d6"
            ],
            "markers": "python_version >= '2.7' and python_version not in '3.0, 3.1, 3.2, 3.3, 3.4, 3.5' and python_version < '4'",
            "version": "==1.26.10"
        }
    },
    "develop": {
        "debugpy": {
            "hashes": [
                "sha256:0984086a670f46c75b5046b39a55f34e4120bee78928ac4c3c7f1c7b8be1d8be",
                "sha256:0bfdcf261f97a603d7ef7ab6972cdf7136201fde93d19bf3f917d0d2e43a5694",
                "sha256:163f282287ce68b00a51e9dcd7ad461ef288d740dcb3a2f22c01c62f31b62696",
                "sha256:19337bb8ff87da2535ac00ea3877ceaf40ff3c681421d1a96ab4d67dad031a16",
                "sha256:3b4657d3cd20aa454b62a70040524d3e785efc9a8488d16cd0e6caeb7b2a3f07",
                "sha256:40741d4bbf59baca1e97a5123514afcc036423caae5f24db23a865c0b4167c34",
                "sha256:4909bb2f8e5c8fe33d6ec5b7764100b494289252ebe94ec7838b30467435f1cb",
                "sha256:4e3c43d650a1e5fa7110af380fb59061bcba1e7348c00237e7473c55ae499b96",
                "sha256:67749e972213c395647a8798cc8377646e581e1fe97d0b1b7607e6b112ae4511",
                "sha256:726e5cc0ed5bc63e821dc371d88ddae5cba85e2ad207bf5fefc808b29421cb4c",
                "sha256:77a47d596ce8c69673d5f0c9876a80cb5a6cbc964f3b31b2d44683c7c01b6634",
                "sha256:79d9ac34542b830a7954ab111ad8a4c790f1f836b895d03223aea4216b739208",
                "sha256:9809bd1cdc0026fab711e280e0cb5d8f89ae5f4f74701aba5bda9a20a6afb567",
                "sha256:9e572c2ac3dd93f3f1a038a9226e7cc0d7326b8d345c9b9ce6fbf9cb9822e314",
                "sha256:9f72435bc9a2026a35a41221beff853dd4b6b17567ba9b9d349ee9512eb71ce6",
                "sha256:aaf579de5ecd02634d601d7cf5b6baae5f5bab89a55ef78e0904d766ef477729",
                "sha256:ac5d9e625d291a041ff3eaf65bdb816eb79a5b204cf9f1ffaf9617c0eadf96fa",
                "sha256:e6047272e97a11aa6898138c1c88c8cf61838deeb2a4f0a74e63bb567f8dafc6"
            ],
            "index": "pypi",
            "version": "==1.6.2"
        },
        "flake8": {
            "hashes": [
                "sha256:479b1304f72536a55948cb40a32dce8bb0ffe3501e26eaf292c7e60eb5e0428d",
                "sha256:806e034dda44114815e23c16ef92f95c91e4c71100ff52813adf7132a6ad870d"
            ],
            "index": "pypi",
            "version": "==4.0.1"
        },
        "mccabe": {
            "hashes": [
                "sha256:ab8a6258860da4b6677da4bd2fe5dc2c659cff31b3ee4f7f5d64e79735b80d42",
                "sha256:dd8d182285a0fe56bace7f45b5e7d1a6ebcbf524e8f3bd87eb0f125271b8831f"
            ],
            "version": "==0.6.1"
        },
        "pycodestyle": {
            "hashes": [
                "sha256:720f8b39dde8b293825e7ff02c475f3077124006db4f440dcbc9a20b76548a20",
                "sha256:eddd5847ef438ea1c7870ca7eb78a9d47ce0cdb4851a5523949f2601d0cbbe7f"
            ],
            "markers": "python_version >= '2.7' and python_version not in '3.0, 3.1, 3.2, 3.3, 3.4'",
            "version": "==2.8.0"
        },
        "pyflakes": {
            "hashes": [
                "sha256:05a85c2872edf37a4ed30b0cce2f6093e1d0581f8c19d7393122da7e25b2b24c",
                "sha256:3bb3a3f256f4b7968c9c788781e4ff07dce46bdf12339dcda61053375426ee2e"
            ],
            "markers": "python_version >= '2.7' and python_version not in '3.0, 3.1, 3.2, 3.3'",
            "version": "==2.4.0"
        }
    }
}
